
Microsoft Visual Studio Solution File, Format Version 12.00
# Visual Studio Version 16
VisualStudioVersion = 16.0.29519.87
MinimumVisualStudioVersion = 10.0.40219.1
Project("{FAE04EC0-301F-11D3-BF4B-00C04F79EFBC}") = "QuartzWithCore", "QuartzWithCore.csproj", "{2784932A-EA36-4922-B039-00C668A3109A}"
EndProject
Global
	GlobalSection(SolutionConfigurationPlatforms) = preSolution
		Debug|Any CPU = Debug|Any CPU
		Release|Any CPU = Release|Any CPU
	EndGlobalSection
	GlobalSection(ProjectConfigurationPlatforms) = postSolution
		{2784932A-EA36-4922-B039-00C668A3109A}.Debug|Any CPU.ActiveCfg = Debug|Any CPU
		{2784932A-EA36-4922-B039-00C668A3109A}.Debug|Any CPU.Build.0 = Debug|Any CPU
		{2784932A-EA36-4922-B039-00C668A3109A}.Release|Any CPU.ActiveCfg = Release|Any CPU
		{2784932A-EA36-4922-B039-00C668A3109A}.Release|Any CPU.Build.0 = Release|Any CPU
	EndGlobalSection
	GlobalSection(SolutionProperties) = preSolution
		HideSolutionNode = FALSE
	EndGlobalSection
	GlobalSection(ExtensibilityGlobals) = postSolution
		SolutionGuid = {90B605AB-179D-4F5E-BFE0-7850D478C35B}
	EndGlobalSection
EndGlobal
